Microsoft Visual Studio Solution File, Format Version 12.00
# Visual Studio Version 17
VisualStudioVersion = 17.5.2.0
MinimumVisualStudioVersion = 10.0.40219.1
Project("{FAE04EC0-301F-11D3-BF4B-00C04F79EFBC}") = "Commandos", "Commandos.csproj", "{FD0B91D8-2468-393D-93EC-0D0F2E81B083}"
EndProject
Global
	GlobalSection(SolutionConfigurationPlatforms) = preSolution
		Debug|Any CPU = Debug|Any CPU
		Release|Any CPU = Release|Any CPU
	EndGlobalSection
	GlobalSection(ProjectConfigurationPlatforms) = postSolution
		{FD0B91D8-2468-393D-93EC-0D0F2E81B083}.Debug|Any CPU.ActiveCfg = Debug|Any CPU
		{FD0B91D8-2468-393D-93EC-0D0F2E81B083}.Debug|Any CPU.Build.0 = Debug|Any CPU
		{FD0B91D8-2468-393D-93EC-0D0F2E81B083}.Release|Any CPU.ActiveCfg = Release|Any CPU
		{FD0B91D8-2468-393D-93EC-0D0F2E81B083}.Release|Any CPU.Build.0 = Release|Any CPU
	EndGlobalSection
	GlobalSection(SolutionProperties) = preSolution
		HideSolutionNode = FALSE
	EndGlobalSection
	GlobalSection(ExtensibilityGlobals) = postSolution
		SolutionGuid = {0B2C0185-50B7-426F-9BAF-D886BCBDABC6}
	EndGlobalSection
EndGlobal
